// !$*UTF8*$!
{
	archiveVersion = 1;
	classes = {
	};
	objectVersion = 50;
	objects = {

/* Begin PBXBuildFile section */
		29A3E9524625600F18ED5BBA /* Pods_Soug.framework in Frameworks */ = {isa = PBXBuildFile; fileRef = 0EBFE85125BA47196BD4B990 /* Pods_Soug.framework */; };
		CC4C12BB23AB090E002B65EC /* utils.swift in Sources */ = {isa = PBXBuildFile; fileRef = CC4C12BA23AB090E002B65EC /* utils.swift */; };
		CC4C12BE23AB0B05002B65EC /* Product.swift in Sources */ = {isa = PBXBuildFile; fileRef = CC4C12BD23AB0B05002B65EC /* Product.swift */; };
		CC68E17023AD5EC70005A638 /* Selection.swift in Sources */ = {isa = PBXBuildFile; fileRef = CC68E16F23AD5EC70005A638 /* Selection.swift */; };
		CC7FD2C623ABE71500597252 /* tabsController.swift in Sources */ = {isa = PBXBuildFile; fileRef = CC7FD2C523ABE71500597252 /* tabsController.swift */; };
		CCCC64D523A93B4A0000D1DC /* AppDelegate.swift in Sources */ = {isa = PBXBuildFile; fileRef = CCCC64D423A93B4A0000D1DC /* AppDelegate.swift */; };
		CCCC64D723A93B4A0000D1DC /* ViewController.swift in Sources */ = {isa = PBXBuildFile; fileRef = CCCC64D623A93B4A0000D1DC /* ViewController.swift */; };
		CCCC64DA23A93B4A0000D1DC /* Main.storyboard in Resources */ = {isa = PBXBuildFile; fileRef = CCCC64D823A93B4A0000D1DC /* Main.storyboard */; };
		CCCC64DD23A93B4A0000D1DC /* Soug.xcdatamodeld in Sources */ = {isa = PBXBuildFile; fileRef = CCCC64DB23A93B4A0000D1DC /* Soug.xcdatamodeld */; };
		CCCC64DF23A93B5A0000D1DC /* Assets.xcassets in Resources */ = {isa = PBXBuildFile; fileRef = CCCC64DE23A93B5A0000D1DC /* Assets.xcassets */; };
		CCCC64E223A93B5A0000D1DC /* LaunchScreen.storyboard in Resources */ = {isa = PBXBuildFile; fileRef = CCCC64E023A93B5A0000D1DC /* LaunchScreen.storyboard */; };
/* End PBXBuildFile section */

/* Begin PBXFileReference section */
		0EBFE85125BA47196BD4B990 /* Pods_Soug.framework */ = {isa = PBXFileReference; explicitFileType = wrapper.framework; includeInIndex = 0; path = Pods_Soug.framework; sourceTree = BUILT_PRODUCTS_DIR; };
		4BB61C73531C73B622E77124 /* Pods-Soug.debug.xcconfig */ = {isa = PBXFileReference; includeInIndex = 1; lastKnownFileType = text.xcconfig; name = "Pods-Soug.debug.xcconfig"; path = "Target Support Files/Pods-Soug/Pods-Soug.debug.xcconfig"; sourceTree = "<group>"; };
		4F9FD62E2958C132C8D05400 /* Pods-Soug.release.xcconfig */ = {isa = PBXFileReference; includeInIndex = 1; lastKnownFileType = text.xcconfig; name = "Pods-Soug.release.xcconfig"; path = "Target Support Files/Pods-Soug/Pods-Soug.release.xcconfig"; sourceTree = "<group>"; };
		CC4C12BA23AB090E002B65EC /* utils.swift */ = {isa = PBXFileReference; lastKnownFileType = sourcecode.swift; path = utils.swift; sourceTree = "<group>"; };
		CC4C12BD23AB0B05002B65EC /* Product.swift */ = {isa = PBXFileReference; lastKnownFileType = sourcecode.swift; path = Product.swift; sourceTree = "<group>"; };
		CC68E16F23AD5EC70005A638 /* Selection.swift */ = {isa = PBXFileReference; lastKnownFileType = sourcecode.swift; path = Selection.swift; sourceTree = "<group>"; };
		CC7FD2C523ABE71500597252 /* tabsController.swift */ = {isa = PBXFileReference; lastKnownFileType = sourcecode.swift; path = tabsController.swift; sourceTree = "<group>"; };
		CCCC64D123A93B490000D1DC /* Soug.app */ = {isa = PBXFileReference; explicitFileType = wrapper.application; includeInIndex = 0; path = Soug.app; sourceTree = BUILT_PRODUCTS_DIR; };
		CCCC64D423A93B4A0000D1DC /* AppDelegate.swift */ = {isa = PBXFileReference; lastKnownFileType = sourcecode.swift; path = AppDelegate.swift; sourceTree = "<group>"; };
		CCCC64D623A93B4A0000D1DC /* ViewController.swift */ = {isa = PBXFileReference; lastKnownFileType = sourcecode.swift; path = ViewController.swift; sourceTree = "<group>"; };
		CCCC64D923A93B4A0000D1DC /* Base */ = {isa = PBXFileReference; lastKnownFileType = file.storyboard; name = Base; path = Base.lproj/Main.storyboard; sourceTree = "<group>"; };
		CCCC64DC23A93B4A0000D1DC /* Soug.xcdatamodel */ = {isa = PBXFileReference; lastKnownFileType = wrapper.xcdatamodel; path = Soug.xcdatamodel; sourceTree = "<group>"; };
		CCCC64DE23A93B5A0000D1DC /* Assets.xcassets */ = {isa = PBXFileReference; lastKnownFileType = folder.assetcatalog; path = Assets.xcassets; sourceTree = "<group>"; };
		CCCC64E123A93B5A0000D1DC /* Base */ = {isa = PBXFileReference; lastKnownFileType = file.storyboard; name = Base; path = Base.lproj/LaunchScreen.storyboard; sourceTree = "<group>"; };
		CCCC64E323A93B5A0000D1DC /* Info.plist */ = {isa = PBXFileReference; lastKnownFileType = text.plist.xml; path = Info.plist; sourceTree = "<group>"; };
/* End PBXFileReference section */

/* Begin PBXFrameworksBuildPhase section */
		CCCC64CE23A93B490000D1DC /* Frameworks */ = {
			isa = PBXFrameworksBuildPhase;
			buildActionMask = 2147483647;
			files = (
				29A3E9524625600F18ED5BBA /* Pods_Soug.framework in Frameworks */,
			);
			runOnlyForDeploymentPostprocessing = 0;
		};
/* End PBXFrameworksBuildPhase section */

/* Begin PBXGroup section */
		722279D585FF7DA3927FBE51 /* Frameworks */ = {
			isa = PBXGroup;
			children = (
				0EBFE85125BA47196BD4B990 /* Pods_Soug.framework */,
			);
			name = Frameworks;
			sourceTree = "<group>";
		};
		7B8993D5C16A2A36A921404C /* Pods */ = {
			isa = PBXGroup;
			children = (
				4BB61C73531C73B622E77124 /* Pods-Soug.debug.xcconfig */,
				4F9FD62E2958C132C8D05400 /* Pods-Soug.release.xcconfig */,
			);
			path = Pods;
			sourceTree = "<group>";
		};
		CC4C12B823AB08E8002B65EC /* tabs */ = {
			isa = PBXGroup;
			children = (
			);
			path = tabs;
			sourceTree = "<group>";
		};
		CC4C12B923AB08EE002B65EC /* helpers */ = {
			isa = PBXGroup;
			children = (
				CC4C12BA23AB090E002B65EC /* utils.swift */,
				CC68E16F23AD5EC70005A638 /* Selection.swift */,
			);
			path = helpers;
			sourceTree = "<group>";
		};
		CC4C12BC23AB0AF3002B65EC /* models */ = {
			isa = PBXGroup;
			children = (
				CC4C12BD23AB0B05002B65EC /* Product.swift */,
			);
			path = models;
			sourceTree = "<group>";
		};
		CCCC64C823A93B490000D1DC = {
			isa = PBXGroup;
			children = (
				CCCC64D323A93B490000D1DC /* Soug */,
				CCCC64D223A93B490000D1DC /* Products */,
				7B8993D5C16A2A36A921404C /* Pods */,
				722279D585FF7DA3927FBE51 /* Frameworks */,
			);
			sourceTree = "<group>";
		};
		CCCC64D223A93B490000D1DC /* Products */ = {
			isa = PBXGroup;
			children = (
				CCCC64D123A93B490000D1DC /* Soug.app */,
			);
			name = Products;
			sourceTree = "<group>";
		};
		CCCC64D323A93B490000D1DC /* Soug */ = {
			isa = PBXGroup;
			children = (
				CC4C12BC23AB0AF3002B65EC /* models */,
				CC4C12B923AB08EE002B65EC /* helpers */,
				CC4C12B823AB08E8002B65EC /* tabs */,
				CCCC64D423A93B4A0000D1DC /* AppDelegate.swift */,
				CCCC64D623A93B4A0000D1DC /* ViewController.swift */,
				CCCC64D823A93B4A0000D1DC /* Main.storyboard */,
				CCCC64DE23A93B5A0000D1DC /* Assets.xcassets */,
				CCCC64E023A93B5A0000D1DC /* LaunchScreen.storyboard */,
				CCCC64E323A93B5A0000D1DC /* Info.plist */,
				CCCC64DB23A93B4A0000D1DC /* Soug.xcdatamodeld */,
				CC7FD2C523ABE71500597252 /* tabsController.swift */,
			);
			path = Soug;
			sourceTree = "<group>";
		};
/* End PBXGroup section */

/* Begin PBXNativeTarget section */
		CCCC64D023A93B490000D1DC /* Soug */ = {
			isa = PBXNativeTarget;
			buildConfigurationList = CCCC64E623A93B5A0000D1DC /* Build configuration list for PBXNativeTarget "Soug" */;
			buildPhases = (
				26B2E05C1C7D360B7CFE51DD /* [CP] Check Pods Manifest.lock */,
				CCCC64CD23A93B490000D1DC /* Sources */,
				CCCC64CE23A93B490000D1DC /* Frameworks */,
				CCCC64CF23A93B490000D1DC /* Resources */,
				8CBAD3FE1D8C26F8D198692D /* [CP] Embed Pods Frameworks */,
			);
			buildRules = (
			);
			dependencies = (
			);
			name = Soug;
			productName = Soug;
			productReference = CCCC64D123A93B490000D1DC /* Soug.app */;
			productType = "com.apple.product-type.application";
		};
/* End PBXNativeTarget section */

/* Begin PBXProject section */
		CCCC64C923A93B490000D1DC /* Project object */ = {
			isa = PBXProject;
			attributes = {
				LastSwiftUpdateCheck = 0930;
				LastUpgradeCheck = 0930;
				ORGANIZATIONNAME = Mobark;
				TargetAttributes = {
					CCCC64D023A93B490000D1DC = {
						CreatedOnToolsVersion = 9.3;
					};
				};
			};
			buildConfigurationList = CCCC64CC23A93B490000D1DC /* Build configuration list for PBXProject "Soug" */;
			compatibilityVersion = "Xcode 9.3";
			developmentRegion = en;
			hasScannedForEncodings = 0;
			knownRegions = (
				en,
				Base,
			);
			mainGroup = CCCC64C823A93B490000D1DC;
			productRefGroup = CCCC64D223A93B490000D1DC /* Products */;
			projectDirPath = "";
			projectRoot = "";
			targets = (
				CCCC64D023A93B490000D1DC /* Soug */,
			);
		};
/* End PBXProject section */

/* Begin PBXResourcesBuildPhase section */
		CCCC64CF23A93B490000D1DC /* Resources */ = {
			isa = PBXResourcesBuildPhase;
			buildActionMask = 2147483647;
			files = (
				CCCC64E223A93B5A0000D1DC /* LaunchScreen.storyboard in Resources */,
				CCCC64DF23A93B5A0000D1DC /* Assets.xcassets in Resources */,
				CCCC64DA23A93B4A0000D1DC /* Main.storyboard in Resources */,
			);
			runOnlyForDeploymentPostprocessing = 0;
		};
/* End PBXResourcesBuildPhase section */

/* Begin PBXShellScriptBuildPhase section */
		26B2E05C1C7D360B7CFE51DD /* [CP] Check Pods Manifest.lock */ = {
			isa = PBXShellScriptBuildPhase;
			buildActionMask = 2147483647;
			files = (
			);
			inputPaths = (
				"${PODS_PODFILE_DIR_PATH}/Podfile.lock",
				"${PODS_ROOT}/Manifest.lock",
			);
			name = "[CP] Check Pods Manifest.lock";
			outputPaths = (
				"$(DERIVED_FILE_DIR)/Pods-Soug-checkManifestLockResult.txt",
			);
			runOnlyForDeploymentPostprocessing = 0;
			shellPath = /bin/sh;
			shellScript = "diff \"${PODS_PODFILE_DIR_PATH}/Podfile.lock\" \"${PODS_ROOT}/Manifest.lock\" > /dev/null\nif [ $? != 0 ] ; then\n    # print error to STDERR\n    echo \"error: The sandbox is not in sync with the Podfile.lock. Run 'pod install' or update your CocoaPods installation.\" >&2\n    exit 1\nfi\n# This output is used by Xcode 'outputs' to avoid re-running this script phase.\necho \"SUCCESS\" > \"${SCRIPT_OUTPUT_FILE_0}\"\n";
			showEnvVarsInLog = 0;
		};
		8CBAD3FE1D8C26F8D198692D /* [CP] Embed Pods Frameworks */ = {
			isa = PBXShellScriptBuildPhase;
			buildActionMask = 2147483647;
			files = (
			);
			name = "[CP] Embed Pods Frameworks";
			runOnlyForDeploymentPostprocessing = 0;
			shellPath = /bin/sh;
			shellScript = "\"${PODS_ROOT}/Target Support Files/Pods-Soug/Pods-Soug-frameworks.sh\"\n";
			showEnvVarsInLog = 0;
		};
/* End PBXShellScriptBuildPhase section */

/* Begin PBXSourcesBuildPhase section */
		CCCC64CD23A93B490000D1DC /* Sources */ = {
			isa = PBXSourcesBuildPhase;
			buildActionMask = 2147483647;
			files = (
				CC68E17023AD5EC70005A638 /* Selection.swift in Sources */,
				CCCC64D723A93B4A0000D1DC /* ViewController.swift in Sources */,
				CCCC64D523A93B4A0000D1DC /* AppDelegate.swift in Sources */,
				CC4C12BE23AB0B05002B65EC /* Product.swift in Sources */,
				CC7FD2C623ABE71500597252 /* tabsController.swift in Sources */,
				CCCC64DD23A93B4A0000D1DC /* Soug.xcdatamodeld in Sources */,
				CC4C12BB23AB090E002B65EC /* utils.swift in Sources */,
			);
			runOnlyForDeploymentPostprocessing = 0;
		};
/* End PBXSourcesBuildPhase section */

/* Begin PBXVariantGroup section */
		CCCC64D823A93B4A0000D1DC /* Main.storyboard */ = {
			isa = PBXVariantGroup;
			children = (
				CCCC64D923A93B4A0000D1DC /* Base */,
			);
			name = Main.storyboard;
			sourceTree = "<group>";
		};
		CCCC64E023A93B5A0000D1DC /* LaunchScreen.storyboard */ = {
			isa = PBXVariantGroup;
			children = (
				CCCC64E123A93B5A0000D1DC /* Base */,
			);
			name = LaunchScreen.storyboard;
			sourceTree = "<group>";
		};
/* End PBXVariantGroup section */

/* Begin XCBuildConfiguration section */
		CCCC64E423A93B5A0000D1DC /* Debug */ = {
			isa = XCBuildConfiguration;
			buildSettings = {
				ALWAYS_SEARCH_USER_PATHS = NO;
				CLANG_ANALYZER_NONNULL = YES;
				CLANG_ANALYZER_NUMBER_OBJECT_CONVERSION = YES_AGGRESSIVE;
				CLANG_CXX_LANGUAGE_STANDARD = "gnu++14";
				CLANG_CXX_LIBRARY = "libc++";
				CLANG_ENABLE_MODULES = YES;
				CLANG_ENABLE_OBJC_ARC = YES;
				CLANG_ENABLE_OBJC_WEAK = YES;
				CLANG_WARN_BLOCK_CAPTURE_AUTORELEASING = YES;
				CLANG_WARN_BOOL_CONVERSION = YES;
				CLANG_WARN_COMMA = YES;
				CLANG_WARN_CONSTANT_CONVERSION = YES;
				CLANG_WARN_DEPRECATED_OBJC_IMPLEMENTATIONS = YES;
				CLANG_WARN_DIRECT_OBJC_ISA_USAGE = YES_ERROR;
				CLANG_WARN_DOCUMENTATION_COMMENTS = YES;
				CLANG_WARN_EMPTY_BODY = YES;
				CLANG_WARN_ENUM_CONVERSION = YES;
				CLANG_WARN_INFINITE_RECURSION = YES;
				CLANG_WARN_INT_CONVERSION = YES;
				CLANG_WARN_NON_LITERAL_NULL_CONVERSION = YES;
				CLANG_WARN_OBJC_IMPLICIT_RETAIN_SELF = YES;
				CLANG_WARN_OBJC_LITERAL_CONVERSION = YES;
				CLANG_WARN_OBJC_ROOT_CLASS = YES_ERROR;
				CLANG_WARN_RANGE_LOOP_ANALYSIS = YES;
				CLANG_WARN_STRICT_PROTOTYPES = YES;
				CLANG_WARN_SUSPICIOUS_MOVE = YES;
				CLANG_WARN_UNGUARDED_AVAILABILITY = YES_AGGRESSIVE;
				CLANG_WARN_UNREACHABLE_CODE = YES;
				CLANG_WARN__DUPLICATE_METHOD_MATCH = YES;
				CODE_SIGN_IDENTITY = "iPhone Developer";
				COPY_PHASE_STRIP = NO;
				DEBUG_INFORMATION_FORMAT = dwarf;
				ENABLE_STRICT_OBJC_MSGSEND = YES;
				ENABLE_TESTABILITY = YES;
				GCC_C_LANGUAGE_STANDARD = gnu11;
				GCC_DYNAMIC_NO_PIC = NO;
				GCC_NO_COMMON_BLOCKS = YES;
				GCC_OPTIMIZATION_LEVEL = 0;
				GCC_PREPROCESSOR_DEFINITIONS = (
					"DEBUG=1",
					"$(inherited)",
				);
				GCC_WARN_64_TO_32_BIT_CONVERSION = YES;
				GCC_WARN_ABOUT_RETURN_TYPE = YES_ERROR;
				GCC_WARN_UNDECLARED_SELECTOR = YES;
				GCC_WARN_UNINITIALIZED_AUTOS = YES_AGGRESSIVE;
				GCC_WARN_UNUSED_FUNCTION = YES;
				GCC_WARN_UNUSED_VARIABLE = YES;
				IPHONEOS_DEPLOYMENT_TARGET = 11.3;
				MTL_ENABLE_DEBUG_INFO = YES;
				ONLY_ACTIVE_ARCH = YES;
				SDKROOT = iphoneos;
				SWIFT_ACTIVE_COMPILATION_CONDITIONS = DEBUG;
				SWIFT_OPTIMIZATION_LEVEL = "-Onone";
			};
			name = Debug;
		};
		CCCC64E523A93B5A0000D1DC /* Release */ = {
			isa = XCBuildConfiguration;
			buildSettings = {
				ALWAYS_SEARCH_USER_PATHS = NO;
				CLANG_ANALYZER_NONNULL = YES;
				CLANG_ANALYZER_NUMBER_OBJECT_CONVERSION = YES_AGGRESSIVE;
				CLANG_CXX_LANGUAGE_STANDARD = "gnu++14";
				CLANG_CXX_LIBRARY = "libc++";
				CLANG_ENABLE_MODULES = YES;
				CLANG_ENABLE_OBJC_ARC = YES;
				CLANG_ENABLE_OBJC_WEAK = YES;
				CLANG_WARN_BLOCK_CAPTURE_AUTORELEASING = YES;
				CLANG_WARN_BOOL_CONVERSION = YES;
				CLANG_WARN_COMMA = YES;
				CLANG_WARN_CONSTANT_CONVERSION = YES;
				CLANG_WARN_DEPRECATED_OBJC_IMPLEMENTATIONS = YES;
				CLANG_WARN_DIRECT_OBJC_ISA_USAGE = YES_ERROR;
				CLANG_WARN_DOCUMENTATION_COMMENTS = YES;
				CLANG_WARN_EMPTY_BODY = YES;
				CLANG_WARN_ENUM_CONVERSION = YES;
				CLANG_WARN_INFINITE_RECURSION = YES;
				CLANG_WARN_INT_CONVERSION = YES;
				CLANG_WARN_NON_LITERAL_NULL_CONVERSION = YES;
				CLANG_WARN_OBJC_IMPLICIT_RETAIN_SELF = YES;
				CLANG_WARN_OBJC_LITERAL_CONVERSION = YES;
				CLANG_WARN_OBJC_ROOT_CLASS = YES_ERROR;
				CLANG_WARN_RANGE_LOOP_ANALYSIS = YES;
				CLANG_WARN_STRICT_PROTOTYPES = YES;
				CLANG_WARN_SUSPICIOUS_MOVE = YES;
				CLANG_WARN_UNGUARDED_AVAILABILITY = YES_AGGRESSIVE;
				CLANG_WARN_UNREACHABLE_CODE = YES;
				CLANG_WARN__DUPLICATE_METHOD_MATCH = YES;
				CODE_SIGN_IDENTITY = "iPhone Developer";
				COPY_PHASE_STRIP = NO;
				DEBUG_INFORMATION_FORMAT = "dwarf-with-dsym";
				ENABLE_NS_ASSERTIONS = NO;
				ENABLE_STRICT_OBJC_MSGSEND = YES;
				GCC_C_LANGUAGE_STANDARD = gnu11;
				GCC_NO_COMMON_BLOCKS = YES;
				GCC_WARN_64_TO_32_BIT_CONVERSION = YES;
				GCC_WARN_ABOUT_RETURN_TYPE = YES_ERROR;
				GCC_WARN_UNDECLARED_SELECTOR = YES;
				GCC_WARN_UNINITIALIZED_AUTOS = YES_AGGRESSIVE;
				GCC_WARN_UNUSED_FUNCTION = YES;
				GCC_WARN_UNUSED_VARIABLE = YES;
				IPHONEOS_DEPLOYMENT_TARGET = 11.3;
				MTL_ENABLE_DEBUG_INFO = NO;
				SDKROOT = iphoneos;
				SWIFT_COMPILATION_MODE = wholemodule;
				SWIFT_OPTIMIZATION_LEVEL = "-O";
				VALIDATE_PRODUCT = YES;
			};
			name = Release;
		};
		CCCC64E723A93B5A0000D1DC /* Debug */ = {
			isa = XCBuildConfiguration;
			baseConfigurationReference = 4BB61C73531C73B622E77124 /* Pods-Soug.debug.xcconfig */;
			buildSettings = {
				ASSETCATALOG_COMPILER_APPICON_NAME = AppIcon;
				CODE_SIGN_STYLE = Automatic;
				DEVELOPMENT_TEAM = 223SQPKVS7;
				INFOPLIST_FILE = Soug/Info.plist;
				LD_RUNPATH_SEARCH_PATHS = (
					"$(inherited)",
					"@executable_path/Frameworks",
				);
				PRODUCT_BUNDLE_IDENTIFIER = com.acoad.Soug;
				PRODUCT_NAME = "$(TARGET_NAME)";
				SWIFT_VERSION = 4.0;
				TARGETED_DEVICE_FAMILY = "1,2";
			};
			name = Debug;
		};
		CCCC64E823A93B5A0000D1DC /* Release */ = {
			isa = XCBuildConfiguration;
			baseConfigurationReference = 4F9FD62E2958C132C8D05400 /* Pods-Soug.release.xcconfig */;
			buildSettings = {
				ASSETCATALOG_COMPILER_APPICON_NAME = AppIcon;
				CODE_SIGN_STYLE = Automatic;
				DEVELOPMENT_TEAM = 223SQPKVS7;
				INFOPLIST_FILE = Soug/Info.plist;
				LD_RUNPATH_SEARCH_PATHS = (
					"$(inherited)",
					"@executable_path/Frameworks",
				);
				PRODUCT_BUNDLE_IDENTIFIER = com.acoad.Soug;
				PRODUCT_NAME = "$(TARGET_NAME)";
				SWIFT_VERSION = 4.0;
				TARGETED_DEVICE_FAMILY = "1,2";
			};
			name = Release;
		};
/* End XCBuildConfiguration section */

/* Begin XCConfigurationList section */
		CCCC64CC23A93B490000D1DC /* Build configuration list for PBXProject "Soug" */ = {
			isa = XCConfigurationList;
			buildConfigurations = (
				CCCC64E423A93B5A0000D1DC /* Debug */,
				CCCC64E523A93B5A0000D1DC /* Release */,
			);
			defaultConfigurationIsVisible = 0;
			defaultConfigurationName = Release;
		};
		CCCC64E623A93B5A0000D1DC /* Build configuration list for PBXNativeTarget "Soug" */ = {
			isa = XCConfigurationList;
			buildConfigurations = (
				CCCC64E723A93B5A0000D1DC /* Debug */,
				CCCC64E823A93B5A0000D1DC /* Release */,
			);
			defaultConfigurationIsVisible = 0;
			defaultConfigurationName = Release;
		};
/* End XCConfigurationList section */

/* Begin XCVersionGroup section */
		CCCC64DB23A93B4A0000D1DC /* Soug.xcdatamodeld */ = {
			isa = XCVersionGroup;
			children = (
				CCCC64DC23A93B4A0000D1DC /* Soug.xcdatamodel */,
			);
			currentVersion = CCCC64DC23A93B4A0000D1DC /* Soug.xcdatamodel */;
			path = Soug.xcdatamodeld;
			sourceTree = "<group>";
			versionGroupType = wrapper.xcdatamodel;
		};
/* End XCVersionGroup section */
	};
	rootObject = CCCC64C923A93B490000D1DC /* Project object */;
}
